
Microsoft Visual Studio Solution File, Format Version 12.00
#
Project("{FAE04EC0-301F-11D3-BF4B-00C04F79EFBC}") = "DocProcessing.Api", "src\DocProcessing.Api\DocProcessing.Api.csproj", "{C6BC665D-F3E1-4ADF-8F1F-81F3159EEE77}"
EndProject
Project("{FAE04EC0-301F-11D3-BF4B-00C04F79EFBC}") = "DocProcessing.Orchestrator", "src\worker\orchestrator\DocProcessing.Orchestrator\DocProcessing.Orchestrator.csproj", "{02488C20-B4BD-4A59-B725-B63A9EF518DD}"
EndProject
Project("{FAE04EC0-301F-11D3-BF4B-00C04F79EFBC}") = "ServiceBusQueueInspector", "ServiceBusQueueInspector\ServiceBusQueueInspector.csproj", "{9407E78C-C4E4-439C-9106-4D88DFF0686C}"
EndProject
Project("{FAE04EC0-301F-11D3-BF4B-00C04F79EFBC}") = "ServiceBusQueueInspector.Tests", "ServiceBusQueueInspector.Tests\ServiceBusQueueInspector.Tests.csproj", "{EDD52CAB-2FFC-48C5-A7AA-E0C5651518EF}"
EndProject
Project("{2150E333-8FDC-42A3-9474-1A3956D46DE8}") = "src", "src", "{C7983156-496A-47E0-A6AB-E715A7AC9F2D}"
EndProject
Project("{FAE04EC0-301F-11D3-BF4B-00C04F79EFBC}") = "DocProcessing.Api.Tests", "src\DocProcessing.Api.Tests\DocProcessing.Api.Tests.csproj", "{D402C03D-9C1D-4C92-A069-63D435D5F978}"
EndProject
Project("{2150E333-8FDC-42A3-9474-1A3956D46DE8}") = "common", "common", "{0DD5C09C-E864-4222-A957-30D1EF1F126A}"
EndProject
Project("{FAE04EC0-301F-11D3-BF4B-00C04F79EFBC}") = "DocProcessing.Domain", "src\common\DocProcessing.Domain\DocProcessing.Domain.csproj", "{079DEC71-3D45-4E4D-A2D6-13750B898B6F}"
EndProject
Project("{FAE04EC0-301F-11D3-BF4B-00C04F79EFBC}") = "DocProcessing.Contracts", "src\common\DocProcessing.Contracts\DocProcessing.Contracts.csproj", "{96DD29FA-3AD6-4CEB-866B-F6542413ECDF}"
EndProject
Project("{FAE04EC0-301F-11D3-BF4B-00C04F79EFBC}") = "DocProcessing.Application", "src\common\DocProcessing.Application\DocProcessing.Application.csproj", "{DB6CAD63-42C7-4530-9E04-A55464CFE1A5}"
EndProject
Project("{2150E333-8FDC-42A3-9474-1A3956D46DE8}") = "api", "api", "{4B5D962A-1A19-4A50-B622-A39DEFFBA755}"
EndProject
Project("{2150E333-8FDC-42A3-9474-1A3956D46DE8}") = "tests", "tests", "{924C9D96-8A5E-4C52-88DF-3306D6CC9036}"
EndProject
Project("{2150E333-8FDC-42A3-9474-1A3956D46DE8}") = "worker", "worker", "{A887903E-ABD9-41F9-9A5A-038BD95C8A5D}"
EndProject
Project("{FAE04EC0-301F-11D3-BF4B-00C04F79EFBC}") = "DocProcessing.Infrastructure", "src\common\DocProcessing.Infrastructure\DocProcessing.Infrastructure.csproj", "{C8EB555E-FEE1-4A28-94FA-9D094FF0EE66}"
EndProject
Global
	GlobalSection(SolutionConfigurationPlatforms) = preSolution
		Debug|Any CPU = Debug|Any CPU
		Release|Any CPU = Release|Any CPU
	EndGlobalSection
	GlobalSection(ProjectConfigurationPlatforms) = postSolution
		{C6BC665D-F3E1-4ADF-8F1F-81F3159EEE77}.Debug|Any CPU.ActiveCfg = Debug|Any CPU
		{C6BC665D-F3E1-4ADF-8F1F-81F3159EEE77}.Debug|Any CPU.Build.0 = Debug|Any CPU
		{C6BC665D-F3E1-4ADF-8F1F-81F3159EEE77}.Release|Any CPU.ActiveCfg = Release|Any CPU
		{C6BC665D-F3E1-4ADF-8F1F-81F3159EEE77}.Release|Any CPU.Build.0 = Release|Any CPU
		{02488C20-B4BD-4A59-B725-B63A9EF518DD}.Debug|Any CPU.ActiveCfg = Debug|Any CPU
		{02488C20-B4BD-4A59-B725-B63A9EF518DD}.Debug|Any CPU.Build.0 = Debug|Any CPU
		{02488C20-B4BD-4A59-B725-B63A9EF518DD}.Release|Any CPU.ActiveCfg = Release|Any CPU
		{02488C20-B4BD-4A59-B725-B63A9EF518DD}.Release|Any CPU.Build.0 = Release|Any CPU
		{9407E78C-C4E4-439C-9106-4D88DFF0686C}.Debug|Any CPU.ActiveCfg = Debug|Any CPU
		{9407E78C-C4E4-439C-9106-4D88DFF0686C}.Debug|Any CPU.Build.0 = Debug|Any CPU
		{9407E78C-C4E4-439C-9106-4D88DFF0686C}.Release|Any CPU.ActiveCfg = Release|Any CPU
		{9407E78C-C4E4-439C-9106-4D88DFF0686C}.Release|Any CPU.Build.0 = Release|Any CPU
		{EDD52CAB-2FFC-48C5-A7AA-E0C5651518EF}.Debug|Any CPU.ActiveCfg = Debug|Any CPU
		{EDD52CAB-2FFC-48C5-A7AA-E0C5651518EF}.Debug|Any CPU.Build.0 = Debug|Any CPU
		{EDD52CAB-2FFC-48C5-A7AA-E0C5651518EF}.Release|Any CPU.ActiveCfg = Release|Any CPU
		{EDD52CAB-2FFC-48C5-A7AA-E0C5651518EF}.Release|Any CPU.Build.0 = Release|Any CPU
		{D402C03D-9C1D-4C92-A069-63D435D5F978}.Debug|Any CPU.ActiveCfg = Debug|Any CPU
		{D402C03D-9C1D-4C92-A069-63D435D5F978}.Debug|Any CPU.Build.0 = Debug|Any CPU
		{D402C03D-9C1D-4C92-A069-63D435D5F978}.Release|Any CPU.ActiveCfg = Release|Any CPU
		{D402C03D-9C1D-4C92-A069-63D435D5F978}.Release|Any CPU.Build.0 = Release|Any CPU
		{079DEC71-3D45-4E4D-A2D6-13750B898B6F}.Debug|Any CPU.ActiveCfg = Debug|Any CPU
		{079DEC71-3D45-4E4D-A2D6-13750B898B6F}.Debug|Any CPU.Build.0 = Debug|Any CPU
		{079DEC71-3D45-4E4D-A2D6-13750B898B6F}.Release|Any CPU.ActiveCfg = Release|Any CPU
		{079DEC71-3D45-4E4D-A2D6-13750B898B6F}.Release|Any CPU.Build.0 = Release|Any CPU
		{96DD29FA-3AD6-4CEB-866B-F6542413ECDF}.Debug|Any CPU.ActiveCfg = Debug|Any CPU
		{96DD29FA-3AD6-4CEB-866B-F6542413ECDF}.Debug|Any CPU.Build.0 = Debug|Any CPU
		{96DD29FA-3AD6-4CEB-866B-F6542413ECDF}.Release|Any CPU.ActiveCfg = Release|Any CPU
		{96DD29FA-3AD6-4CEB-866B-F6542413ECDF}.Release|Any CPU.Build.0 = Release|Any CPU
		{DB6CAD63-42C7-4530-9E04-A55464CFE1A5}.Debug|Any CPU.ActiveCfg = Debug|Any CPU
		{DB6CAD63-42C7-4530-9E04-A55464CFE1A5}.Debug|Any CPU.Build.0 = Debug|Any CPU
		{DB6CAD63-42C7-4530-9E04-A55464CFE1A5}.Release|Any CPU.ActiveCfg = Release|Any CPU
		{DB6CAD63-42C7-4530-9E04-A55464CFE1A5}.Release|Any CPU.Build.0 = Release|Any CPU
		{C8EB555E-FEE1-4A28-94FA-9D094FF0EE66}.Debug|Any CPU.ActiveCfg = Debug|Any CPU
		{C8EB555E-FEE1-4A28-94FA-9D094FF0EE66}.Debug|Any CPU.Build.0 = Debug|Any CPU
		{C8EB555E-FEE1-4A28-94FA-9D094FF0EE66}.Release|Any CPU.ActiveCfg = Release|Any CPU
		{C8EB555E-FEE1-4A28-94FA-9D094FF0EE66}.Release|Any CPU.Build.0 = Release|Any CPU
	EndGlobalSection
	GlobalSection(NestedProjects) = preSolution
		{0DD5C09C-E864-4222-A957-30D1EF1F126A} = {C7983156-496A-47E0-A6AB-E715A7AC9F2D}
		{079DEC71-3D45-4E4D-A2D6-13750B898B6F} = {0DD5C09C-E864-4222-A957-30D1EF1F126A}
		{96DD29FA-3AD6-4CEB-866B-F6542413ECDF} = {0DD5C09C-E864-4222-A957-30D1EF1F126A}
		{DB6CAD63-42C7-4530-9E04-A55464CFE1A5} = {0DD5C09C-E864-4222-A957-30D1EF1F126A}
		{4B5D962A-1A19-4A50-B622-A39DEFFBA755} = {C7983156-496A-47E0-A6AB-E715A7AC9F2D}
		{C6BC665D-F3E1-4ADF-8F1F-81F3159EEE77} = {4B5D962A-1A19-4A50-B622-A39DEFFBA755}
		{924C9D96-8A5E-4C52-88DF-3306D6CC9036} = {C7983156-496A-47E0-A6AB-E715A7AC9F2D}
		{D402C03D-9C1D-4C92-A069-63D435D5F978} = {924C9D96-8A5E-4C52-88DF-3306D6CC9036}
		{A887903E-ABD9-41F9-9A5A-038BD95C8A5D} = {C7983156-496A-47E0-A6AB-E715A7AC9F2D}
		{02488C20-B4BD-4A59-B725-B63A9EF518DD} = {A887903E-ABD9-41F9-9A5A-038BD95C8A5D}
		{C8EB555E-FEE1-4A28-94FA-9D094FF0EE66} = {0DD5C09C-E864-4222-A957-30D1EF1F126A}
	EndGlobalSection
EndGlobal
